{
  "name": "kryptic-test-runner-node",
  "version": "1.0.0",
  "lockfileVersion": 3,
  "requires": true,
  "packages": {
    "": {
      "name": "kryptic-test-runner-node",
      "version": "1.0.0",
      "dependencies": {
        "@krypticdev/daemon-client": "1.0.0"
      }
    },
    "node_modules/kryptic-daemon-client": {
      "version": "0.1.0",
      "resolved": "https://registry.npmjs.org/kryptic-daemon-client/-/kryptic-daemon-client-0.1.0.tgz",
      "integrity": "sha512-fiIOsVyiHmrYM2a1EB7jvKbg0F9eypYAJH3V5HKoIhZ1nW2mENQ4BJP0IHJfYV5P3d88BsfxUj0CqWZAec8TaQ==",
      "license": "Apache-2.0"
    }
  }
}
